
Microsoft Visual Studio Solution File, Format Version 12.00
# Visual Studio Version 17
VisualStudioVersion = 17.2.32630.192
MinimumVisualStudioVersion = 10.0.40219.1
Project("{9A19103F-16F7-4668-BE54-9A1E7A4F7556}") = "Dojo.Bakery.Transaction.Domain", "Dojo.Bakery.Transaction.Domain\Dojo.Bakery.Transaction.Domain.csproj", "{95463DA2-CBD3-4A5E-BAD8-F029F78C740E}"
EndProject
Project("{9A19103F-16F7-4668-BE54-9A1E7A4F7556}") = "Dojo.Bakery.Transaction.Application", "Dojo.Bakery.Transaction.Application\Dojo.Bakery.Transaction.Application.csproj", "{8346B8B7-36E7-4BB0-B594-A191D5E2FE3C}"
EndProject
Project("{9A19103F-16F7-4668-BE54-9A1E7A4F7556}") = "Dojo.Bakery.Transaction.Infra.Data", "Dojo.Bakery.Transaction.Infra.Data\Dojo.Bakery.Transaction.Infra.Data.csproj", "{7DA55122-05B7-4F4C-8976-231DF9210162}"
EndProject
Project("{9A19103F-16F7-4668-BE54-9A1E7A4F7556}") = "Dojo.Bakery.Transaction.API", "Dojo.Bakery.Transaction.API\Dojo.Bakery.Transaction.API.csproj", "{0FE98401-9A92-4740-A9BF-E663F7EB35B4}"
EndProject
Project("{2150E333-8FDC-42A3-9474-1A3956D46DE8}") = "BuildingBlocks", "BuildingBlocks", "{C26D451B-B512-4225-B714-07E47B33E4E7}"
EndProject
Project("{9A19103F-16F7-4668-BE54-9A1E7A4F7556}") = "Dojo.Bakery.BuildingBlocks.CustomExceptions", "..\BuildingBlocks\Dojo.Bakery.BuildingBlocks.CustomExceptions\Dojo.Bakery.BuildingBlocks.CustomExceptions.csproj", "{65032EE7-9EB8-4850-8A1D-772DCE3A3D82}"
EndProject
Project("{9A19103F-16F7-4668-BE54-9A1E7A4F7556}") = "Dojo.Bakery.BuildingBlocks.EventBus", "..\BuildingBlocks\Dojo.Bakery.BuildingBlocks.EventBus\Dojo.Bakery.BuildingBlocks.EventBus.csproj", "{05651C1A-E671-4FD1-9794-DE3751BC9C88}"
EndProject
Project("{9A19103F-16F7-4668-BE54-9A1E7A4F7556}") = "Dojo.Bakery.BuildingBlocks.WebCommons", "..\BuildingBlocks\Dojo.Bakery.BuildingBlocks.WebCommons\Dojo.Bakery.BuildingBlocks.WebCommons.csproj", "{88EB8948-672E-403C-967B-26C8004628C9}"
EndProject
Project("{9A19103F-16F7-4668-BE54-9A1E7A4F7556}") = "Dojo.Bakery.BuildingBlocks.Commons", "..\BuildingBlocks\Dojo.Bakery.BuildingBlocks.Commons\Dojo.Bakery.BuildingBlocks.Commons.csproj", "{F2CA5348-25D7-4509-A698-9A977BC18DF9}"
EndProject
Project("{9A19103F-16F7-4668-BE54-9A1E7A4F7556}") = "Dojo.Bakery.Transaction.Infra.DataContract", "Dojo.Bakery.Transaction.Infra.DataContract\Dojo.Bakery.Transaction.Infra.DataContract.csproj", "{90128A10-518B-4626-826D-CB9C76959A69}"
EndProject
Global
	GlobalSection(SolutionConfigurationPlatforms) = preSolution
		Debug|Any CPU = Debug|Any CPU
		Release|Any CPU = Release|Any CPU
	EndGlobalSection
	GlobalSection(ProjectConfigurationPlatforms) = postSolution
		{95463DA2-CBD3-4A5E-BAD8-F029F78C740E}.Debug|Any CPU.ActiveCfg = Debug|Any CPU
		{95463DA2-CBD3-4A5E-BAD8-F029F78C740E}.Debug|Any CPU.Build.0 = Debug|Any CPU
		{95463DA2-CBD3-4A5E-BAD8-F029F78C740E}.Release|Any CPU.ActiveCfg = Release|Any CPU
		{95463DA2-CBD3-4A5E-BAD8-F029F78C740E}.Release|Any CPU.Build.0 = Release|Any CPU
		{8346B8B7-36E7-4BB0-B594-A191D5E2FE3C}.Debug|Any CPU.ActiveCfg = Debug|Any CPU
		{8346B8B7-36E7-4BB0-B594-A191D5E2FE3C}.Debug|Any CPU.Build.0 = Debug|Any CPU
		{8346B8B7-36E7-4BB0-B594-A191D5E2FE3C}.Release|Any CPU.ActiveCfg = Release|Any CPU
		{8346B8B7-36E7-4BB0-B594-A191D5E2FE3C}.Release|Any CPU.Build.0 = Release|Any CPU
		{7DA55122-05B7-4F4C-8976-231DF9210162}.Debug|Any CPU.ActiveCfg = Debug|Any CPU
		{7DA55122-05B7-4F4C-8976-231DF9210162}.Debug|Any CPU.Build.0 = Debug|Any CPU
		{7DA55122-05B7-4F4C-8976-231DF9210162}.Release|Any CPU.ActiveCfg = Release|Any CPU
		{7DA55122-05B7-4F4C-8976-231DF9210162}.Release|Any CPU.Build.0 = Release|Any CPU
		{0FE98401-9A92-4740-A9BF-E663F7EB35B4}.Debug|Any CPU.ActiveCfg = Debug|Any CPU
		{0FE98401-9A92-4740-A9BF-E663F7EB35B4}.Debug|Any CPU.Build.0 = Debug|Any CPU
		{0FE98401-9A92-4740-A9BF-E663F7EB35B4}.Release|Any CPU.ActiveCfg = Release|Any CPU
		{0FE98401-9A92-4740-A9BF-E663F7EB35B4}.Release|Any CPU.Build.0 = Release|Any CPU
		{65032EE7-9EB8-4850-8A1D-772DCE3A3D82}.Debug|Any CPU.ActiveCfg = Debug|Any CPU
		{65032EE7-9EB8-4850-8A1D-772DCE3A3D82}.Debug|Any CPU.Build.0 = Debug|Any CPU
		{65032EE7-9EB8-4850-8A1D-772DCE3A3D82}.Release|Any CPU.ActiveCfg = Release|Any CPU
		{65032EE7-9EB8-4850-8A1D-772DCE3A3D82}.Release|Any CPU.Build.0 = Release|Any CPU
		{05651C1A-E671-4FD1-9794-DE3751BC9C88}.Debug|Any CPU.ActiveCfg = Debug|Any CPU
		{05651C1A-E671-4FD1-9794-DE3751BC9C88}.Debug|Any CPU.Build.0 = Debug|Any CPU
		{05651C1A-E671-4FD1-9794-DE3751BC9C88}.Release|Any CPU.ActiveCfg = Release|Any CPU
		{05651C1A-E671-4FD1-9794-DE3751BC9C88}.Release|Any CPU.Build.0 = Release|Any CPU
		{88EB8948-672E-403C-967B-26C8004628C9}.Debug|Any CPU.ActiveCfg = Debug|Any CPU
		{88EB8948-672E-403C-967B-26C8004628C9}.Debug|Any CPU.Build.0 = Debug|Any CPU
		{88EB8948-672E-403C-967B-26C8004628C9}.Release|Any CPU.ActiveCfg = Release|Any CPU
		{88EB8948-672E-403C-967B-26C8004628C9}.Release|Any CPU.Build.0 = Release|Any CPU
		{F2CA5348-25D7-4509-A698-9A977BC18DF9}.Debug|Any CPU.ActiveCfg = Debug|Any CPU
		{F2CA5348-25D7-4509-A698-9A977BC18DF9}.Debug|Any CPU.Build.0 = Debug|Any CPU
		{F2CA5348-25D7-4509-A698-9A977BC18DF9}.Release|Any CPU.ActiveCfg = Release|Any CPU
		{F2CA5348-25D7-4509-A698-9A977BC18DF9}.Release|Any CPU.Build.0 = Release|Any CPU
		{90128A10-518B-4626-826D-CB9C76959A69}.Debug|Any CPU.ActiveCfg = Debug|Any CPU
		{90128A10-518B-4626-826D-CB9C76959A69}.Debug|Any CPU.Build.0 = Debug|Any CPU
		{90128A10-518B-4626-826D-CB9C76959A69}.Release|Any CPU.ActiveCfg = Release|Any CPU
		{90128A10-518B-4626-826D-CB9C76959A69}.Release|Any CPU.Build.0 = Release|Any CPU
	EndGlobalSection
	GlobalSection(SolutionProperties) = preSolution
		HideSolutionNode = FALSE
	EndGlobalSection
	GlobalSection(NestedProjects) = preSolution
		{65032EE7-9EB8-4850-8A1D-772DCE3A3D82} = {C26D451B-B512-4225-B714-07E47B33E4E7}
		{05651C1A-E671-4FD1-9794-DE3751BC9C88} = {C26D451B-B512-4225-B714-07E47B33E4E7}
		{88EB8948-672E-403C-967B-26C8004628C9} = {C26D451B-B512-4225-B714-07E47B33E4E7}
		{F2CA5348-25D7-4509-A698-9A977BC18DF9} = {C26D451B-B512-4225-B714-07E47B33E4E7}
	EndGlobalSection
	GlobalSection(ExtensibilityGlobals) = postSolution
		SolutionGuid = {B81F667A-7B52-4789-B42D-A2D0A178CFD9}
	EndGlobalSection
EndGlobal
